
Microsoft Visual Studio Solution File, Format Version 12.00
# Visual Studio Version 17
VisualStudioVersion = 17.10.35122.118
MinimumVisualStudioVersion = 10.0.40219.1
Project("{FAE04EC0-301F-11D3-BF4B-00C04F79EFBC}") = "bản sao", "bản sao.csproj", "{65DFE29E-12A6-407E-8AE3-95C7016FA465}"
EndProject
Global
	GlobalSection(SolutionConfigurationPlatforms) = preSolution
		Debug|Any CPU = Debug|Any CPU
		Release|Any CPU = Release|Any CPU
	EndGlobalSection
	GlobalSection(ProjectConfigurationPlatforms) = postSolution
		{65DFE29E-12A6-407E-8AE3-95C7016FA465}.Debug|Any CPU.ActiveCfg = Debug|Any CPU
		{65DFE29E-12A6-407E-8AE3-95C7016FA465}.Debug|Any CPU.Build.0 = Debug|Any CPU
		{65DFE29E-12A6-407E-8AE3-95C7016FA465}.Release|Any CPU.ActiveCfg = Release|Any CPU
		{65DFE29E-12A6-407E-8AE3-95C7016FA465}.Release|Any CPU.Build.0 = Release|Any CPU
	EndGlobalSection
	GlobalSection(SolutionProperties) = preSolution
		HideSolutionNode = FALSE
	EndGlobalSection
	GlobalSection(ExtensibilityGlobals) = postSolution
		SolutionGuid = {84AE0E36-A09F-41F2-82C5-B8C5BFE257B9}
	EndGlobalSection
EndGlobal
